
Microsoft Visual Studio Solution File, Format Version 12.00
# Visual Studio Version 17
VisualStudioVersion = 17.3.32825.248
MinimumVisualStudioVersion = 10.0.40219.1
Project("{FAE04EC0-301F-11D3-BF4B-00C04F79EFBC}") = "PersonCRUD.Application", "PersonCRUD.Application\PersonCRUD.Application.csproj", "{2291966B-B67C-407C-8C88-185463B591C3}"
EndProject
Project("{FAE04EC0-301F-11D3-BF4B-00C04F79EFBC}") = "PersonCRUD.Api", "PersonCRUD.Api\PersonCRUD.Api.csproj", "{3F74B4C0-3D7A-481E-95B8-CFAD9EA41EA6}"
EndProject
Global
	GlobalSection(SolutionConfigurationPlatforms) = preSolution
		Debug|Any CPU = Debug|Any CPU
		Release|Any CPU = Release|Any CPU
	EndGlobalSection
	GlobalSection(ProjectConfigurationPlatforms) = postSolution
		{2291966B-B67C-407C-8C88-185463B591C3}.Debug|Any CPU.ActiveCfg = Debug|Any CPU
		{2291966B-B67C-407C-8C88-185463B591C3}.Debug|Any CPU.Build.0 = Debug|Any CPU
		{2291966B-B67C-407C-8C88-185463B591C3}.Release|Any CPU.ActiveCfg = Release|Any CPU
		{2291966B-B67C-407C-8C88-185463B591C3}.Release|Any CPU.Build.0 = Release|Any CPU
		{3F74B4C0-3D7A-481E-95B8-CFAD9EA41EA6}.Debug|Any CPU.ActiveCfg = Debug|Any CPU
		{3F74B4C0-3D7A-481E-95B8-CFAD9EA41EA6}.Debug|Any CPU.Build.0 = Debug|Any CPU
		{3F74B4C0-3D7A-481E-95B8-CFAD9EA41EA6}.Release|Any CPU.ActiveCfg = Release|Any CPU
		{3F74B4C0-3D7A-481E-95B8-CFAD9EA41EA6}.Release|Any CPU.Build.0 = Release|Any CPU
	EndGlobalSection
	GlobalSection(SolutionProperties) = preSolution
		HideSolutionNode = FALSE
	EndGlobalSection
	GlobalSection(ExtensibilityGlobals) = postSolution
		SolutionGuid = {05AA20A9-2A8B-4F9A-91F0-3F55F3660FB9}
	EndGlobalSection
EndGlobal
